
Microsoft Visual Studio Solution File, Format Version 12.00
# Visual Studio Version 17
VisualStudioVersion = 17.4.33403.182
MinimumVisualStudioVersion = 10.0.40219.1
Project("{9A19103F-16F7-4668-BE54-9A1E7A4F7556}") = "BuisinessObjects", "BuisinessObjects\BuisinessObjects.csproj", "{56F362E0-0BAC-4213-8032-CF4CAC881EF7}"
EndProject
Project("{9A19103F-16F7-4668-BE54-9A1E7A4F7556}") = "DataAccess", "DataAccess\DataAccess.csproj", "{7AC47BCB-0439-4D2E-8138-2F02D75110DA}"
EndProject
Project("{9A19103F-16F7-4668-BE54-9A1E7A4F7556}") = "Repository", "Repository\Repository.csproj", "{76E99608-AF2B-44EA-B019-BC9A36A841EC}"
EndProject
Project("{9A19103F-16F7-4668-BE54-9A1E7A4F7556}") = "FlowerManagementAPI", "FlowerManagementAPI\FlowerManagementAPI.csproj", "{2176DB0C-239B-4B1D-B49C-B2DB14D4C5F1}"
EndProject
Project("{9A19103F-16F7-4668-BE54-9A1E7A4F7556}") = "FlowerClient", "FlowerClient\FlowerClient.csproj", "{AAB78734-4849-41A2-A2CE-593C2C3660E0}"
EndProject
Global
	GlobalSection(SolutionConfigurationPlatforms) = preSolution
		Debug|Any CPU = Debug|Any CPU
		Release|Any CPU = Release|Any CPU
	EndGlobalSection
	GlobalSection(ProjectConfigurationPlatforms) = postSolution
		{56F362E0-0BAC-4213-8032-CF4CAC881EF7}.Debug|Any CPU.ActiveCfg = Debug|Any CPU
		{56F362E0-0BAC-4213-8032-CF4CAC881EF7}.Debug|Any CPU.Build.0 = Debug|Any CPU
		{56F362E0-0BAC-4213-8032-CF4CAC881EF7}.Release|Any CPU.ActiveCfg = Release|Any CPU
		{56F362E0-0BAC-4213-8032-CF4CAC881EF7}.Release|Any CPU.Build.0 = Release|Any CPU
		{7AC47BCB-0439-4D2E-8138-2F02D75110DA}.Debug|Any CPU.ActiveCfg = Debug|Any CPU
		{7AC47BCB-0439-4D2E-8138-2F02D75110DA}.Debug|Any CPU.Build.0 = Debug|Any CPU
		{7AC47BCB-0439-4D2E-8138-2F02D75110DA}.Release|Any CPU.ActiveCfg = Release|Any CPU
		{7AC47BCB-0439-4D2E-8138-2F02D75110DA}.Release|Any CPU.Build.0 = Release|Any CPU
		{76E99608-AF2B-44EA-B019-BC9A36A841EC}.Debug|Any CPU.ActiveCfg = Debug|Any CPU
		{76E99608-AF2B-44EA-B019-BC9A36A841EC}.Debug|Any CPU.Build.0 = Debug|Any CPU
		{76E99608-AF2B-44EA-B019-BC9A36A841EC}.Release|Any CPU.ActiveCfg = Release|Any CPU
		{76E99608-AF2B-44EA-B019-BC9A36A841EC}.Release|Any CPU.Build.0 = Release|Any CPU
		{2176DB0C-239B-4B1D-B49C-B2DB14D4C5F1}.Debug|Any CPU.ActiveCfg = Debug|Any CPU
		{2176DB0C-239B-4B1D-B49C-B2DB14D4C5F1}.Debug|Any CPU.Build.0 = Debug|Any CPU
		{2176DB0C-239B-4B1D-B49C-B2DB14D4C5F1}.Release|Any CPU.ActiveCfg = Release|Any CPU
		{2176DB0C-239B-4B1D-B49C-B2DB14D4C5F1}.Release|Any CPU.Build.0 = Release|Any CPU
		{AAB78734-4849-41A2-A2CE-593C2C3660E0}.Debug|Any CPU.ActiveCfg = Debug|Any CPU
		{AAB78734-4849-41A2-A2CE-593C2C3660E0}.Debug|Any CPU.Build.0 = Debug|Any CPU
		{AAB78734-4849-41A2-A2CE-593C2C3660E0}.Release|Any CPU.ActiveCfg = Release|Any CPU
		{AAB78734-4849-41A2-A2CE-593C2C3660E0}.Release|Any CPU.Build.0 = Release|Any CPU
	EndGlobalSection
	GlobalSection(SolutionProperties) = preSolution
		HideSolutionNode = FALSE
	EndGlobalSection
	GlobalSection(ExtensibilityGlobals) = postSolution
		SolutionGuid = {927873F0-65DA-43E5-A807-B34150826599}
	EndGlobalSection
EndGlobal
